{
  "name": "wqmp-server",
  "version": "1.0.0",
  "lockfileVersion": 3,
  "requires": true,
  "packages": {
    "": {
      "name": "wqmp-server",
      "version": "1.0.0",
      "dependencies": {
        "@planetscale/database": "^1.6.0"
      },
      "devDependencies": {
        "@types/node": "^18.15.3"
      }
    },
    "node_modules/@planetscale/database": {
      "version": "1.6.0",
      "resolved": "https://registry.npmjs.org/@planetscale/database/-/database-1.6.0.tgz",
      "integrity": "sha512-eb02567S706Xme/nVwx+EN/wyoHhHBXl1a7+67R/Xm91myEpLn0vZNl58TvLZztBxje4gga16lc8dLt0elNrJA==",
      "engines": {
        "node": ">=16"
      }
    },
    "node_modules/@types/node": {
      "version": "18.15.3",
      "resolved": "https://registry.npmjs.org/@types/node/-/node-18.15.3.tgz",
      "integrity": "sha512-p6ua9zBxz5otCmbpb5D3U4B5Nanw6Pk3PPyX05xnxbB/fRv71N7CPmORg7uAD5P70T0xmx1pzAx/FUfa5X+3cw==",
      "dev": true
    }
  }
}
